
Microsoft Visual Studio Solution File, Format Version 12.00
# Visual Studio Version 17
VisualStudioVersion = 17.11.35208.52
MinimumVisualStudioVersion = 10.0.40219.1
Project("{FAE04EC0-301F-11D3-BF4B-00C04F79EFBC}") = "LoginCadastroDB", "LoginCadastroDB\LoginCadastroDB.csproj", "{4494EC04-1E35-45FE-9E00-06FC401A5AF7}"
EndProject
Global
	GlobalSection(SolutionConfigurationPlatforms) = preSolution
		Debug|Any CPU = Debug|Any CPU
		Release|Any CPU = Release|Any CPU
	EndGlobalSection
	GlobalSection(ProjectConfigurationPlatforms) = postSolution
		{4494EC04-1E35-45FE-9E00-06FC401A5AF7}.Debug|Any CPU.ActiveCfg = Debug|Any CPU
		{4494EC04-1E35-45FE-9E00-06FC401A5AF7}.Debug|Any CPU.Build.0 = Debug|Any CPU
		{4494EC04-1E35-45FE-9E00-06FC401A5AF7}.Release|Any CPU.ActiveCfg = Release|Any CPU
		{4494EC04-1E35-45FE-9E00-06FC401A5AF7}.Release|Any CPU.Build.0 = Release|Any CPU
	EndGlobalSection
	GlobalSection(SolutionProperties) = preSolution
		HideSolutionNode = FALSE
	EndGlobalSection
	GlobalSection(ExtensibilityGlobals) = postSolution
		SolutionGuid = {A3718067-463F-44FD-8E27-50C68CF4531D}
	EndGlobalSection
EndGlobal
